{
  "name": "cs2-chat-translator",
  "version": "1.0.0",
  "lockfileVersion": 3,
  "requires": true,
  "packages": {
    "": {
      "name": "cs2-chat-translator",
      "version": "1.0.0",
      "dependencies": {
        "chalk": "^5.3.0",
        "fuzzball": "^2.1.2",
        "google-translate-api-x": "^10.7.0"
      },
      "bin": {
        "cs2-chat-translator": "bin/cs2-chat-translator.js"
      }
    },
    "node_modules/chalk": {
      "version": "5.6.2",
      "resolved": "https://registry.npmjs.org/chalk/-/chalk-5.6.2.tgz",
      "integrity": "sha512-7NzBL0rN6fMUW+f7A6Io4h40qQlG+xGmtMxfbnH/K7TAtt8JQWVQK+6g0UXKMeVJoyV5EkkNsErQ8pVD3bLHbA==",
      "license": "MIT",
      "engines": {
        "node": "^12.17.0 || ^14.13 || >=16.0.0"
      },
      "funding": {
        "url": "https://github.com/chalk/chalk?sponsor=1"
      }
    },
    "node_modules/fuzzball": {
      "version": "2.2.3",
      "resolved": "https://registry.npmjs.org/fuzzball/-/fuzzball-2.2.3.tgz",
      "integrity": "sha512-sQDb3kjI7auA4YyE1YgEW85MTparcSgRgcCweUK06Cn0niY5lN+uhFiRUZKN4MQVGGiHxlbrYCA4nL1QjOXBLQ==",
      "license": "MIT",
      "dependencies": {
        "heap": ">=0.2.0",
        "lodash": "^4.17.21",
        "setimmediate": "^1.0.5"
      }
    },
    "node_modules/google-translate-api-x": {
      "version": "10.7.2",
      "resolved": "https://registry.npmjs.org/google-translate-api-x/-/google-translate-api-x-10.7.2.tgz",
      "integrity": "sha512-GSmbvGMcnULaih2NFgD4Y6840DLAMot90mLWgwoB+FG/QpetyZkFrZkxop8ZxXgOAQXGskFOhGJady8nA6ZJ2g==",
      "license": "MIT",
      "engines": {
        "node": ">=14.0.0"
      },
      "funding": {
        "type": "github",
        "url": "https://github.com/sponsors/AidanWelch"
      }
    },
    "node_modules/heap": {
      "version": "0.2.7",
      "resolved": "https://registry.npmjs.org/heap/-/heap-0.2.7.tgz",
      "integrity": "sha512-2bsegYkkHO+h/9MGbn6KWcE45cHZgPANo5LXF7EvWdT0yT2EguSVO1nDgU5c8+ZOPwp2vMNa7YFsJhVcDR9Sdg==",
      "license": "MIT"
    },
    "node_modules/lodash": {
      "version": "4.17.21",
      "resolved": "https://registry.npmjs.org/lodash/-/lodash-4.17.21.tgz",
      "integrity": "sha512-v2kDEe57lecTulaDIuNTPy3Ry4gLGJ6Z1O3vE1krgXZNrsQ+LFTGHVxVjcXPs17LhbZVGedAJv8XZ1tvj5FvSg==",
      "license": "MIT"
    },
    "node_modules/setimmediate": {
      "version": "1.0.5",
      "resolved": "https://registry.npmjs.org/setimmediate/-/setimmediate-1.0.5.tgz",
      "integrity": "sha512-MATJdZp8sLqDl/68LfQmbP8zKPLQNV6BIZoIgrscFDQ+RsvK/BxeDQOgyxKKoh0y/8h3BqVFnCqQ/gd+reiIXA==",
      "license": "MIT"
    }
  }
}
